// !$*UTF8*$!
{
	archiveVersion = 1;
	classes = {
	};
	objectVersion = 48;
	objects = {

/* Begin PBXBuildFile section */
		2D35DAF8206C4632009A4663 /* AppDelegate.swift in Sources */ = {isa = PBXBuildFile; fileRef = 2D35DAF7206C4632009A4663 /* AppDelegate.swift */; };
		2D35DAFA206C4632009A4663 /* TodoListViewController.swift in Sources */ = {isa = PBXBuildFile; fileRef = 2D35DAF9206C4632009A4663 /* TodoListViewController.swift */; };
		2D35DAFD206C4632009A4663 /* Main.storyboard in Resources */ = {isa = PBXBuildFile; fileRef = 2D35DAFB206C4632009A4663 /* Main.storyboard */; };
		2D35DAFF206C4632009A4663 /* Assets.xcassets in Resources */ = {isa = PBXBuildFile; fileRef = 2D35DAFE206C4632009A4663 /* Assets.xcassets */; };
		2D35DB02206C4632009A4663 /* LaunchScreen.storyboard in Resources */ = {isa = PBXBuildFile; fileRef = 2D35DB00206C4632009A4663 /* LaunchScreen.storyboard */; };
		2D9DB67D20710B3400F0CDFD /* CoreDataModel.xcdatamodeld in Sources */ = {isa = PBXBuildFile; fileRef = 2D9DB67B20710B3400F0CDFD /* CoreDataModel.xcdatamodeld */; };
		2D9DB68320712A1500F0CDFD /* CategoryViewController.swift in Sources */ = {isa = PBXBuildFile; fileRef = 2D9DB68220712A1500F0CDFD /* CategoryViewController.swift */; };
/* End PBXBuildFile section */

/* Begin PBXFileReference section */
		2D35DAF4206C4632009A4663 /* Todoey.app */ = {isa = PBXFileReference; explicitFileType = wrapper.application; includeInIndex = 0; path = Todoey.app; sourceTree = BUILT_PRODUCTS_DIR; };
		2D35DAF7206C4632009A4663 /* AppDelegate.swift */ = {isa = PBXFileReference; lastKnownFileType = sourcecode.swift; path = AppDelegate.swift; sourceTree = "<group>"; };
		2D35DAF9206C4632009A4663 /* TodoListViewController.swift */ = {isa = PBXFileReference; lastKnownFileType = sourcecode.swift; path = TodoListViewController.swift; sourceTree = "<group>"; };
		2D35DAFC206C4632009A4663 /* Base */ = {isa = PBXFileReference; lastKnownFileType = file.storyboard; name = Base; path = Base.lproj/Main.storyboard; sourceTree = "<group>"; };
		2D35DAFE206C4632009A4663 /* Assets.xcassets */ = {isa = PBXFileReference; lastKnownFileType = folder.assetcatalog; path = Assets.xcassets; sourceTree = "<group>"; };
		2D35DB01206C4632009A4663 /* Base */ = {isa = PBXFileReference; lastKnownFileType = file.storyboard; name = Base; path = Base.lproj/LaunchScreen.storyboard; sourceTree = "<group>"; };
		2D35DB03206C4632009A4663 /* Info.plist */ = {isa = PBXFileReference; lastKnownFileType = text.plist.xml; path = Info.plist; sourceTree = "<group>"; };
		2D9DB67C20710B3400F0CDFD /* CoreDataModel.xcdatamodel */ = {isa = PBXFileReference; lastKnownFileType = wrapper.xcdatamodel; path = CoreDataModel.xcdatamodel; sourceTree = "<group>"; };
		2D9DB68220712A1500F0CDFD /* CategoryViewController.swift */ = {isa = PBXFileReference; lastKnownFileType = sourcecode.swift; path = CategoryViewController.swift; sourceTree = "<group>"; };
/* End PBXFileReference section */

/* Begin PBXFrameworksBuildPhase section */
		2D35DAF1206C4632009A4663 /* Frameworks */ = {
			isa = PBXFrameworksBuildPhase;
			buildActionMask = 2147483647;
			files = (
			);
			runOnlyForDeploymentPostprocessing = 0;
		};
/* End PBXFrameworksBuildPhase section */

/* Begin PBXGroup section */
		2D35DAEB206C4632009A4663 = {
			isa = PBXGroup;
			children = (
				2D35DAF6206C4632009A4663 /* Todoey */,
				2D35DAF5206C4632009A4663 /* Products */,
			);
			sourceTree = "<group>";
		};
		2D35DAF5206C4632009A4663 /* Products */ = {
			isa = PBXGroup;
			children = (
				2D35DAF4206C4632009A4663 /* Todoey.app */,
			);
			name = Products;
			sourceTree = "<group>";
		};
		2D35DAF6206C4632009A4663 /* Todoey */ = {
			isa = PBXGroup;
			children = (
				2D35DAF7206C4632009A4663 /* AppDelegate.swift */,
				2D35DB0E206C5F7E009A4663 /* Controller */,
				2D35DB0D206C5F78009A4663 /* View */,
				2D35DB0C206C5F5C009A4663 /* Files */,
				2D35DB03206C4632009A4663 /* Info.plist */,
				2D35DB0B206C5F52009A4663 /* Model */,
			);
			path = Todoey;
			sourceTree = "<group>";
		};
		2D35DB0B206C5F52009A4663 /* Model */ = {
			isa = PBXGroup;
			children = (
				2D9DB67B20710B3400F0CDFD /* CoreDataModel.xcdatamodeld */,
			);
			path = Model;
			sourceTree = "<group>";
		};
		2D35DB0C206C5F5C009A4663 /* Files */ = {
			isa = PBXGroup;
			children = (
				2D35DAFE206C4632009A4663 /* Assets.xcassets */,
				2D35DB00206C4632009A4663 /* LaunchScreen.storyboard */,
			);
			path = Files;
			sourceTree = "<group>";
		};
		2D35DB0D206C5F78009A4663 /* View */ = {
			isa = PBXGroup;
			children = (
				2D35DAFB206C4632009A4663 /* Main.storyboard */,
			);
			path = View;
			sourceTree = "<group>";
		};
		2D35DB0E206C5F7E009A4663 /* Controller */ = {
			isa = PBXGroup;
			children = (
				2D35DAF9206C4632009A4663 /* TodoListViewController.swift */,
				2D9DB68220712A1500F0CDFD /* CategoryViewController.swift */,
			);
			path = Controller;
			sourceTree = "<group>";
		};
/* End PBXGroup section */

/* Begin PBXNativeTarget section */
		2D35DAF3206C4632009A4663 /* Todoey */ = {
			isa = PBXNativeTarget;
			buildConfigurationList = 2D35DB06206C4632009A4663 /* Build configuration list for PBXNativeTarget "Todoey" */;
			buildPhases = (
				2D35DAF0206C4632009A4663 /* Sources */,
				2D35DAF1206C4632009A4663 /* Frameworks */,
				2D35DAF2206C4632009A4663 /* Resources */,
			);
			buildRules = (
			);
			dependencies = (
			);
			name = Todoey;
			productName = Todoey;
			productReference = 2D35DAF4206C4632009A4663 /* Todoey.app */;
			productType = "com.apple.product-type.application";
		};
/* End PBXNativeTarget section */

/* Begin PBXProject section */
		2D35DAEC206C4632009A4663 /* Project object */ = {
			isa = PBXProject;
			attributes = {
				LastSwiftUpdateCheck = 0920;
				LastUpgradeCheck = 0930;
				ORGANIZATIONNAME = "Fatih Tasdemir";
				TargetAttributes = {
					2D35DAF3206C4632009A4663 = {
						CreatedOnToolsVersion = 9.2;
						ProvisioningStyle = Automatic;
					};
				};
			};
			buildConfigurationList = 2D35DAEF206C4632009A4663 /* Build configuration list for PBXProject "Todoey" */;
			compatibilityVersion = "Xcode 8.0";
			developmentRegion = en;
			hasScannedForEncodings = 0;
			knownRegions = (
				en,
				Base,
			);
			mainGroup = 2D35DAEB206C4632009A4663;
			productRefGroup = 2D35DAF5206C4632009A4663 /* Products */;
			projectDirPath = "";
			projectRoot = "";
			targets = (
				2D35DAF3206C4632009A4663 /* Todoey */,
			);
		};
/* End PBXProject section */

/* Begin PBXResourcesBuildPhase section */
		2D35DAF2206C4632009A4663 /* Resources */ = {
			isa = PBXResourcesBuildPhase;
			buildActionMask = 2147483647;
			files = (
				2D35DB02206C4632009A4663 /* LaunchScreen.storyboard in Resources */,
				2D35DAFF206C4632009A4663 /* Assets.xcassets in Resources */,
				2D35DAFD206C4632009A4663 /* Main.storyboard in Resources */,
			);
			runOnlyForDeploymentPostprocessing = 0;
		};
/* End PBXResourcesBuildPhase section */

/* Begin PBXSourcesBuildPhase section */
		2D35DAF0206C4632009A4663 /* Sources */ = {
			isa = PBXSourcesBuildPhase;
			buildActionMask = 2147483647;
			files = (
				2D9DB68320712A1500F0CDFD /* CategoryViewController.swift in Sources */,
				2D35DAFA206C4632009A4663 /* TodoListViewController.swift in Sources */,
				2D9DB67D20710B3400F0CDFD /* CoreDataModel.xcdatamodeld in Sources */,
				2D35DAF8206C4632009A4663 /* AppDelegate.swift in Sources */,
			);
			runOnlyForDeploymentPostprocessing = 0;
		};
/* End PBXSourcesBuildPhase section */

/* Begin PBXVariantGroup section */
		2D35DAFB206C4632009A4663 /* Main.storyboard */ = {
			isa = PBXVariantGroup;
			children = (
				2D35DAFC206C4632009A4663 /* Base */,
			);
			name = Main.storyboard;
			sourceTree = "<group>";
		};
		2D35DB00206C4632009A4663 /* LaunchScreen.storyboard */ = {
			isa = PBXVariantGroup;
			children = (
				2D35DB01206C4632009A4663 /* Base */,
			);
			name = LaunchScreen.storyboard;
			sourceTree = "<group>";
		};
/* End PBXVariantGroup section */

/* Begin XCBuildConfiguration section */
		2D35DB04206C4632009A4663 /* Debug */ = {
			isa = XCBuildConfiguration;
			buildSettings = {
				ALWAYS_SEARCH_USER_PATHS = NO;
				CLANG_ANALYZER_NONNULL = YES;
				CLANG_ANALYZER_NUMBER_OBJECT_CONVERSION = YES_AGGRESSIVE;
				CLANG_CXX_LANGUAGE_STANDARD = "gnu++14";
				CLANG_CXX_LIBRARY = "libc++";
				CLANG_ENABLE_MODULES = YES;
				CLANG_ENABLE_OBJC_ARC = YES;
				CLANG_WARN_BLOCK_CAPTURE_AUTORELEASING = YES;
				CLANG_WARN_BOOL_CONVERSION = YES;
				CLANG_WARN_COMMA = YES;
				CLANG_WARN_CONSTANT_CONVERSION = YES;
				CLANG_WARN_DEPRECATED_OBJC_IMPLEMENTATIONS = YES;
				CLANG_WARN_DIRECT_OBJC_ISA_USAGE = YES_ERROR;
				CLANG_WARN_DOCUMENTATION_COMMENTS = YES;
				CLANG_WARN_EMPTY_BODY = YES;
				CLANG_WARN_ENUM_CONVERSION = YES;
				CLANG_WARN_INFINITE_RECURSION = YES;
				CLANG_WARN_INT_CONVERSION = YES;
				CLANG_WARN_NON_LITERAL_NULL_CONVERSION = YES;
				CLANG_WARN_OBJC_IMPLICIT_RETAIN_SELF = YES;
				CLANG_WARN_OBJC_LITERAL_CONVERSION = YES;
				CLANG_WARN_OBJC_ROOT_CLASS = YES_ERROR;
				CLANG_WARN_RANGE_LOOP_ANALYSIS = YES;
				CLANG_WARN_STRICT_PROTOTYPES = YES;
				CLANG_WARN_SUSPICIOUS_MOVE = YES;
				CLANG_WARN_UNGUARDED_AVAILABILITY = YES_AGGRESSIVE;
				CLANG_WARN_UNREACHABLE_CODE = YES;
				CLANG_WARN__DUPLICATE_METHOD_MATCH = YES;
				CODE_SIGN_IDENTITY = "iPhone Developer";
				COPY_PHASE_STRIP = NO;
				DEBUG_INFORMATION_FORMAT = dwarf;
				ENABLE_STRICT_OBJC_MSGSEND = YES;
				ENABLE_TESTABILITY = YES;
				GCC_C_LANGUAGE_STANDARD = gnu11;
				GCC_DYNAMIC_NO_PIC = NO;
				GCC_NO_COMMON_BLOCKS = YES;
				GCC_OPTIMIZATION_LEVEL = 0;
				GCC_PREPROCESSOR_DEFINITIONS = (
					"DEBUG=1",
					"$(inherited)",
				);
				GCC_WARN_64_TO_32_BIT_CONVERSION = YES;
				GCC_WARN_ABOUT_RETURN_TYPE = YES_ERROR;
				GCC_WARN_UNDECLARED_SELECTOR = YES;
				GCC_WARN_UNINITIALIZED_AUTOS = YES_AGGRESSIVE;
				GCC_WARN_UNUSED_FUNCTION = YES;
				GCC_WARN_UNUSED_VARIABLE = YES;
				IPHONEOS_DEPLOYMENT_TARGET = 11.2;
				MTL_ENABLE_DEBUG_INFO = YES;
				ONLY_ACTIVE_ARCH = YES;
				SDKROOT = iphoneos;
				SWIFT_ACTIVE_COMPILATION_CONDITIONS = DEBUG;
				SWIFT_OPTIMIZATION_LEVEL = "-Onone";
			};
			name = Debug;
		};
		2D35DB05206C4632009A4663 /* Release */ = {
			isa = XCBuildConfiguration;
			buildSettings = {
				ALWAYS_SEARCH_USER_PATHS = NO;
				CLANG_ANALYZER_NONNULL = YES;
				CLANG_ANALYZER_NUMBER_OBJECT_CONVERSION = YES_AGGRESSIVE;
				CLANG_CXX_LANGUAGE_STANDARD = "gnu++14";
				CLANG_CXX_LIBRARY = "libc++";
				CLANG_ENABLE_MODULES = YES;
				CLANG_ENABLE_OBJC_ARC = YES;
				CLANG_WARN_BLOCK_CAPTURE_AUTORELEASING = YES;
				CLANG_WARN_BOOL_CONVERSION = YES;
				CLANG_WARN_COMMA = YES;
				CLANG_WARN_CONSTANT_CONVERSION = YES;
				CLANG_WARN_DEPRECATED_OBJC_IMPLEMENTATIONS = YES;
				CLANG_WARN_DIRECT_OBJC_ISA_USAGE = YES_ERROR;
				CLANG_WARN_DOCUMENTATION_COMMENTS = YES;
				CLANG_WARN_EMPTY_BODY = YES;
				CLANG_WARN_ENUM_CONVERSION = YES;
				CLANG_WARN_INFINITE_RECURSION = YES;
				CLANG_WARN_INT_CONVERSION = YES;
				CLANG_WARN_NON_LITERAL_NULL_CONVERSION = YES;
				CLANG_WARN_OBJC_IMPLICIT_RETAIN_SELF = YES;
				CLANG_WARN_OBJC_LITERAL_CONVERSION = YES;
				CLANG_WARN_OBJC_ROOT_CLASS = YES_ERROR;
				CLANG_WARN_RANGE_LOOP_ANALYSIS = YES;
				CLANG_WARN_STRICT_PROTOTYPES = YES;
				CLANG_WARN_SUSPICIOUS_MOVE = YES;
				CLANG_WARN_UNGUARDED_AVAILABILITY = YES_AGGRESSIVE;
				CLANG_WARN_UNREACHABLE_CODE = YES;
				CLANG_WARN__DUPLICATE_METHOD_MATCH = YES;
				CODE_SIGN_IDENTITY = "iPhone Developer";
				COPY_PHASE_STRIP = NO;
				DEBUG_INFORMATION_FORMAT = "dwarf-with-dsym";
				ENABLE_NS_ASSERTIONS = NO;
				ENABLE_STRICT_OBJC_MSGSEND = YES;
				GCC_C_LANGUAGE_STANDARD = gnu11;
				GCC_NO_COMMON_BLOCKS = YES;
				GCC_WARN_64_TO_32_BIT_CONVERSION = YES;
				GCC_WARN_ABOUT_RETURN_TYPE = YES_ERROR;
				GCC_WARN_UNDECLARED_SELECTOR = YES;
				GCC_WARN_UNINITIALIZED_AUTOS = YES_AGGRESSIVE;
				GCC_WARN_UNUSED_FUNCTION = YES;
				GCC_WARN_UNUSED_VARIABLE = YES;
				IPHONEOS_DEPLOYMENT_TARGET = 11.2;
				MTL_ENABLE_DEBUG_INFO = NO;
				SDKROOT = iphoneos;
				SWIFT_OPTIMIZATION_LEVEL = "-Owholemodule";
				VALIDATE_PRODUCT = YES;
			};
			name = Release;
		};
		2D35DB07206C4632009A4663 /* Debug */ = {
			isa = XCBuildConfiguration;
			buildSettings = {
				ASSETCATALOG_COMPILER_APPICON_NAME = AppIcon;
				CODE_SIGN_STYLE = Automatic;
				DEVELOPMENT_TEAM = 3U3MLMTX2K;
				INFOPLIST_FILE = Todoey/Info.plist;
				LD_RUNPATH_SEARCH_PATHS = "$(inherited) @executable_path/Frameworks";
				PRODUCT_BUNDLE_IDENTIFIER = com.swiftexample.Todoey;
				PRODUCT_NAME = "$(TARGET_NAME)";
				SWIFT_VERSION = 4.0;
				TARGETED_DEVICE_FAMILY = "1,2";
			};
			name = Debug;
		};
		2D35DB08206C4632009A4663 /* Release */ = {
			isa = XCBuildConfiguration;
			buildSettings = {
				ASSETCATALOG_COMPILER_APPICON_NAME = AppIcon;
				CODE_SIGN_STYLE = Automatic;
				DEVELOPMENT_TEAM = 3U3MLMTX2K;
				INFOPLIST_FILE = Todoey/Info.plist;
				LD_RUNPATH_SEARCH_PATHS = "$(inherited) @executable_path/Frameworks";
				PRODUCT_BUNDLE_IDENTIFIER = com.swiftexample.Todoey;
				PRODUCT_NAME = "$(TARGET_NAME)";
				SWIFT_VERSION = 4.0;
				TARGETED_DEVICE_FAMILY = "1,2";
			};
			name = Release;
		};
/* End XCBuildConfiguration section */

/* Begin XCConfigurationList section */
		2D35DAEF206C4632009A4663 /* Build configuration list for PBXProject "Todoey" */ = {
			isa = XCConfigurationList;
			buildConfigurations = (
				2D35DB04206C4632009A4663 /* Debug */,
				2D35DB05206C4632009A4663 /* Release */,
			);
			defaultConfigurationIsVisible = 0;
			defaultConfigurationName = Release;
		};
		2D35DB06206C4632009A4663 /* Build configuration list for PBXNativeTarget "Todoey" */ = {
			isa = XCConfigurationList;
			buildConfigurations = (
				2D35DB07206C4632009A4663 /* Debug */,
				2D35DB08206C4632009A4663 /* Release */,
			);
			defaultConfigurationIsVisible = 0;
			defaultConfigurationName = Release;
		};
/* End XCConfigurationList section */

/* Begin XCVersionGroup section */
		2D9DB67B20710B3400F0CDFD /* CoreDataModel.xcdatamodeld */ = {
			isa = XCVersionGroup;
			children = (
				2D9DB67C20710B3400F0CDFD /* CoreDataModel.xcdatamodel */,
			);
			currentVersion = 2D9DB67C20710B3400F0CDFD /* CoreDataModel.xcdatamodel */;
			path = CoreDataModel.xcdatamodeld;
			sourceTree = "<group>";
			versionGroupType = wrapper.xcdatamodel;
		};
/* End XCVersionGroup section */
	};
	rootObject = 2D35DAEC206C4632009A4663 /* Project object */;
}
